<?xml version="1.0" encoding="UTF-8" standalone="yes" ?>
<CodeBlocks_project_file>
	<FileVersion major="1" minor="6" />
	<Project>
		<Option title="QuanticVortex Tests" />
		<Option pch_mode="2" />
		<Option compiler="msvc8" />
		<Build>
			<Target title="Win32 - Release - DLL">
				<Option platforms="Windows;" />
				<Option output="..\..\bin\win32-gcc\RunAllTests" prefix_auto="1" extension_auto="1" />
				<Option object_output="..\..\obj\release" />
				<Option type="1" />
				<Option compiler="gcc" />
				<Compiler>
					<Add option="-O1" />
					<Add option="-Wmain" />
					<Add option="-Wall" />
					<Add directory="..\..\include" />
					<Add directory="..\..\..\engine\include" />
					<Add directory="..\..\..\dependencies\include\UnitTest++" />
				</Compiler>
				<ResourceCompiler>
					<Add directory="..\..\include" />
					<Add directory="..\..\..\..\engine\include" />
					<Add directory="..\..\..\..\dependencies\include\UnitTest++" />
				</ResourceCompiler>
				<Linker>
					<Add option="-s" />
					<Add library="libUnitTest++" />
					<Add library="libQuanticVortex.dll" />
					<Add directory="..\..\..\engine\lib\win32-gcc" />
					<Add directory="..\..\..\dependencies\libs\win32-gcc" />
				</Linker>
				<ExtraCommands>
					<Add after="cmd /c copy ..\..\..\dependencies\bin\win32-gcc\Irrlicht.dll ..\..\bin\win32-gcc\." />
					<Add after="cmd /c copy ..\..\..\dependencies\bin\win32-gcc\cAudio.dll ..\..\bin\win32-gcc\." />
					<Add after="cmd /c copy ..\..\..\dependencies\bin\win32-gcc\OpenAL32.dll ..\..\bin\win32-gcc\." />
					<Add after="cmd /c copy ..\..\..\dependencies\bin\win32-gcc\wrap_oal.dll ..\..\bin\win32-gcc\." />
					<Add after="cmd /c copy ..\..\..\dependencies\bin\win32-gcc\cAp_EAXLegacyPreset.dll ..\..\bin\win32-gcc\." />
					<Mode after="always" />
				</ExtraCommands>
			</Target>
		</Build>
		<Unit filename="..\..\source\main.cpp" />
		<Unit filename="..\..\..\engine\include\qvActorsCommon.h" />
		<Unit filename="..\..\..\engine\source\quanticvortex\qvActorsCommon.cpp" />
		<Extensions>
			<code_completion />
			<envvars />
			<debugger />
		</Extensions>
	</Project>
</CodeBlocks_project_file>
