<?xml version="1.0" encoding="UTF-8" standalone="yes" ?>
<CodeBlocks_project_file>
	<FileVersion major="1" minor="6" />
	<Project>
		<Option title="01_Sample_Helloword" />
		<Option pch_mode="2" />
		<Option compiler="gcc" />
		<Build>
			<Target title="Win32 - Debug - Static">
				<Option platforms="" />
				<Option output="..\..\..\bin\Debug\01_Sample" prefix_auto="1" extension_auto="1" />
				<Option object_output="..\..\obj\Debug" />
				<Option external_deps="..\..\..\..\engine\bin\debug\QuanticVortex_d.dll;..\..\..\..\engine\bin\debug\Irrlicht_d.dll;" />
				<Option type="1" />
				<Option compiler="gcc" />
				<Compiler>
					<Add option="-DWIN32" />
					<Add option="-D_DEBUG" />
					<Add option="-D_IRR_STATIC_LIB_" />
					<Add option="-W" />
					<Add option="-g" />
					<Add option="-O0" />
					<Add directory="..\..\include" />
					<Add directory="..\..\..\..\engine\include" />
					<Add directory="..\..\..\..\..\dependencies\include\irrlicht\include" />
					<Add directory="..\..\..\..\..\dependencies\include\bullet" />
				</Compiler>
				<ResourceCompiler>
					<Add directory="..\..\include" />
					<Add directory="..\..\..\..\engine\include" />
					<Add directory="..\..\..\..\..\dependencies\include\irrlicht\include" />
					<Add directory="..\..\..\..\..\dependencies\include\bullet" />
				</ResourceCompiler>
				<Linker>
					<Add library="QuanticVortexStatic_d" />
					<Add directory="..\..\..\dependencies\libs\debug" />
					<Add directory="..\..\..\QuanticVortex\engine\lib" />
				</Linker>
			</Target>
			<Target title="Win32 - Release - Static">
				<Option platforms="" />
				<Option output="..\..\..\bin\Release\01_Sample" prefix_auto="1" extension_auto="1" />
				<Option object_output="..\..\obj\Release" />
				<Option type="1" />
				<Option compiler="gcc" />
				<Compiler>
					<Add option="-W" />
					<Add option="-DWIN32" />
					<Add option="-DNDEBUG" />
					<Add option="-D_IRR_STATIC_LIB_" />
					<Add directory="..\..\include" />
					<Add directory="..\..\..\engine\include" />
					<Add directory="..\..\..\..\dependencies\include\irrlicht\include" />
					<Add directory="..\..\..\..\dependencies\include\bullet" />
				</Compiler>
				<ResourceCompiler>
					<Add directory="..\..\include" />
					<Add directory="..\..\..\..\engine\include" />
					<Add directory="..\..\..\..\..\dependencies\include\irrlicht\include" />
					<Add directory="..\..\..\..\..\dependencies\include\bullet" />
				</ResourceCompiler>
				<Linker>
					<Add library="QuanticVortexStatic" />
					<Add directory="..\..\..\..\..\dependencies\libs\release" />
					<Add directory="..\..\..\..\..\QuanticVortex\engine\lib" />
				</Linker>
			</Target>
			<Target title="Win32 - Debug - DLL">
				<Option platforms="Windows;" />
				<Option output="..\..\..\bin\debug\01_Sample_d" prefix_auto="1" extension_auto="1" />
				<Option object_output="..\..\obj\debug" />
				<Option external_deps="..\..\..\..\engine\bin\debug\QuanticVortex_d.dll;..\..\..\..\engine\bin\debug\Irrlicht_d.dll;" />
				<Option type="1" />
				<Option compiler="gcc" />
				<Compiler>
					<Add option="-Wextra" />
					<Add option="-Wall" />
					<Add option="-g" />
					<Add option="-W" />
					<Add option="-O0" />
					<Add option="-DWIN32" />
					<Add option="-D_DEBUG" />
					<Add directory="..\..\include" />
					<Add directory="..\..\..\..\engine\include" />
					<Add directory="..\..\..\..\dependencies\include\irrlicht\include" />
					<Add directory="..\..\..\..\dependencies\include\bullet" />
					<Add directory="..\..\..\..\dependencies\include\poco" />
					<Add directory="..\..\..\..\dependencies\include\cAudio\include" />
				</Compiler>
				<ResourceCompiler>
					<Add directory="..\..\include" />
					<Add directory="..\..\..\..\engine\include" />
					<Add directory="..\..\..\..\dependencies\include\irrlicht\include" />
					<Add directory="..\..\..\..\dependencies\include\bullet" />
				</ResourceCompiler>
				<Linker>
					<Add library="QuanticVortex_d.dll" />
					<Add directory="..\..\..\..\engine\lib\debug" />
					<Add directory="..\..\..\..\dependencies\libs\debug\gcc" />
					<Add directory="..\..\..\..\engine\bin\win32-gcc" />
				</Linker>
				<ExtraCommands>
					<Add after="cmd /c del ..\..\..\bin\debug\*_d.dll" />
					<Add after="cmd /c copy ..\..\..\..\engine\bin\win32-gcc\*_d.dll ..\..\..\bin\debug\." />
					<Mode after="always" />
				</ExtraCommands>
			</Target>
			<Target title="Win32 - Release - DLL">
				<Option platforms="Windows;" />
				<Option output="..\..\..\bin\release\01_Sample" prefix_auto="1" extension_auto="1" />
				<Option object_output="..\..\obj\release" />
				<Option external_deps="..\..\..\..\engine\bin\release\QuanticVortex.dll;..\..\..\..\engine\bin\release\Irrlicht.dll;" />
				<Option type="1" />
				<Option compiler="gcc" />
				<Compiler>
					<Add option="-O3" />
					<Add option="-Wextra" />
					<Add option="-Wall" />
					<Add option="-W" />
					<Add option="-DWIN32" />
					<Add option="-DNDEBUG" />
					<Add directory="..\..\include" />
					<Add directory="..\..\..\..\engine\include" />
					<Add directory="..\..\..\..\dependencies\include\irrlicht\include" />
					<Add directory="..\..\..\..\dependencies\include\bullet" />
					<Add directory="..\..\..\..\dependencies\include\poco" />
					<Add directory="..\..\..\..\dependencies\include\cAudio" />
				</Compiler>
				<ResourceCompiler>
					<Add directory="..\..\include" />
					<Add directory="..\..\..\..\engine\include" />
					<Add directory="..\..\..\..\dependencies\include\irrlicht\include" />
					<Add directory="..\..\..\..\dependencies\include\bullet" />
				</ResourceCompiler>
				<Linker>
					<Add option="-s" />
					<Add library="QuanticVortex.dll" />
					<Add directory="..\..\..\..\engine\lib\release" />
					<Add directory="..\..\..\..\dependencies\libs\release\gcc" />
				</Linker>
				<ExtraCommands>
					<Add after="cmd /c del ..\..\..\bin\release\*.dll" />
					<Add after="cmd /c copy ..\..\..\..\engine\bin\release\*.dll ..\..\..\bin\release\." />
					<Mode after="always" />
				</ExtraCommands>
			</Target>
		</Build>
		<VirtualTargets>
			<Add alias="Windows x86" targets="Win32 - Debug - DLL;Win32 - Release - DLL;" />
		</VirtualTargets>
		<Unit filename="..\..\source\main.cpp" />
		<Unit filename="..\..\source\sdcQuitCommand.cpp" />
		<Unit filename="..\..\source\sdcQuitCommand.h" />
		<Unit filename="..\..\source\sdcSylfurDCGame.cpp" />
		<Unit filename="..\..\source\sdcSylfurDCGame.h" />
		<Extensions>
			<code_completion />
			<envvars />
			<debugger />
		</Extensions>
	</Project>
</CodeBlocks_project_file>
